// !$*UTF8*$!
{
	archiveVersion = 1;
	classes = {
	};
	objectVersion = 46;
	objects = {

/* Begin PBXBuildFile section */
		FBF7A7C41F4F5D90009C35A0 /* AppDelegate.swift in Sources */ = {isa = PBXBuildFile; fileRef = FBF7A7C31F4F5D90009C35A0 /* AppDelegate.swift */; };
		FBF7A7C61F4F5D90009C35A0 /* ViewController.swift in Sources */ = {isa = PBXBuildFile; fileRef = FBF7A7C51F4F5D90009C35A0 /* ViewController.swift */; };
		FBF7A7C91F4F5D90009C35A0 /* Main.storyboard in Resources */ = {isa = PBXBuildFile; fileRef = FBF7A7C71F4F5D90009C35A0 /* Main.storyboard */; };
		FBF7A7CC1F4F5D90009C35A0 /* QuizApp.xcdatamodeld in Sources */ = {isa = PBXBuildFile; fileRef = FBF7A7CA1F4F5D90009C35A0 /* QuizApp.xcdatamodeld */; };
		FBF7A7CE1F4F5D90009C35A0 /* Assets.xcassets in Resources */ = {isa = PBXBuildFile; fileRef = FBF7A7CD1F4F5D90009C35A0 /* Assets.xcassets */; };
		FBF7A7D11F4F5D90009C35A0 /* LaunchScreen.storyboard in Resources */ = {isa = PBXBuildFile; fileRef = FBF7A7CF1F4F5D90009C35A0 /* LaunchScreen.storyboard */; };
		FBF7A7D91F4F643B009C35A0 /* Questions.swift in Sources */ = {isa = PBXBuildFile; fileRef = FBF7A7D81F4F643B009C35A0 /* Questions.swift */; };
/* End PBXBuildFile section */

/* Begin PBXFileReference section */
		FBF7A7C01F4F5D90009C35A0 /* QuizApp.app */ = {isa = PBXFileReference; explicitFileType = wrapper.application; includeInIndex = 0; path = QuizApp.app; sourceTree = BUILT_PRODUCTS_DIR; };
		FBF7A7C31F4F5D90009C35A0 /* AppDelegate.swift */ = {isa = PBXFileReference; lastKnownFileType = sourcecode.swift; path = AppDelegate.swift; sourceTree = "<group>"; };
		FBF7A7C51F4F5D90009C35A0 /* ViewController.swift */ = {isa = PBXFileReference; lastKnownFileType = sourcecode.swift; path = ViewController.swift; sourceTree = "<group>"; };
		FBF7A7C81F4F5D90009C35A0 /* Base */ = {isa = PBXFileReference; lastKnownFileType = file.storyboard; name = Base; path = Base.lproj/Main.storyboard; sourceTree = "<group>"; };
		FBF7A7CB1F4F5D90009C35A0 /* QuizApp.xcdatamodel */ = {isa = PBXFileReference; lastKnownFileType = wrapper.xcdatamodel; path = QuizApp.xcdatamodel; sourceTree = "<group>"; };
		FBF7A7CD1F4F5D90009C35A0 /* Assets.xcassets */ = {isa = PBXFileReference; lastKnownFileType = folder.assetcatalog; path = Assets.xcassets; sourceTree = "<group>"; };
		FBF7A7D01F4F5D90009C35A0 /* Base */ = {isa = PBXFileReference; lastKnownFileType = file.storyboard; name = Base; path = Base.lproj/LaunchScreen.storyboard; sourceTree = "<group>"; };
		FBF7A7D21F4F5D90009C35A0 /* Info.plist */ = {isa = PBXFileReference; lastKnownFileType = text.plist.xml; path = Info.plist; sourceTree = "<group>"; };
		FBF7A7D81F4F643B009C35A0 /* Questions.swift */ = {isa = PBXFileReference; fileEncoding = 4; lastKnownFileType = sourcecode.swift; path = Questions.swift; sourceTree = "<group>"; };
/* End PBXFileReference section */

/* Begin PBXFrameworksBuildPhase section */
		FBF7A7BD1F4F5D90009C35A0 /* Frameworks */ = {
			isa = PBXFrameworksBuildPhase;
			buildActionMask = 2147483647;
			files = (
			);
			runOnlyForDeploymentPostprocessing = 0;
		};
/* End PBXFrameworksBuildPhase section */

/* Begin PBXGroup section */
		FBF7A7B71F4F5D90009C35A0 = {
			isa = PBXGroup;
			children = (
				FBF7A7C21F4F5D90009C35A0 /* QuizApp */,
				FBF7A7C11F4F5D90009C35A0 /* Products */,
			);
			sourceTree = "<group>";
		};
		FBF7A7C11F4F5D90009C35A0 /* Products */ = {
			isa = PBXGroup;
			children = (
				FBF7A7C01F4F5D90009C35A0 /* QuizApp.app */,
			);
			name = Products;
			sourceTree = "<group>";
		};
		FBF7A7C21F4F5D90009C35A0 /* QuizApp */ = {
			isa = PBXGroup;
			children = (
				FBF7A7C31F4F5D90009C35A0 /* AppDelegate.swift */,
				FBF7A7D81F4F643B009C35A0 /* Questions.swift */,
				FBF7A7C51F4F5D90009C35A0 /* ViewController.swift */,
				FBF7A7C71F4F5D90009C35A0 /* Main.storyboard */,
				FBF7A7CD1F4F5D90009C35A0 /* Assets.xcassets */,
				FBF7A7CF1F4F5D90009C35A0 /* LaunchScreen.storyboard */,
				FBF7A7D21F4F5D90009C35A0 /* Info.plist */,
				FBF7A7CA1F4F5D90009C35A0 /* QuizApp.xcdatamodeld */,
			);
			path = QuizApp;
			sourceTree = "<group>";
		};
/* End PBXGroup section */

/* Begin PBXNativeTarget section */
		FBF7A7BF1F4F5D90009C35A0 /* QuizApp */ = {
			isa = PBXNativeTarget;
			buildConfigurationList = FBF7A7D51F4F5D90009C35A0 /* Build configuration list for PBXNativeTarget "QuizApp" */;
			buildPhases = (
				FBF7A7BC1F4F5D90009C35A0 /* Sources */,
				FBF7A7BD1F4F5D90009C35A0 /* Frameworks */,
				FBF7A7BE1F4F5D90009C35A0 /* Resources */,
			);
			buildRules = (
			);
			dependencies = (
			);
			name = QuizApp;
			productName = QuizApp;
			productReference = FBF7A7C01F4F5D90009C35A0 /* QuizApp.app */;
			productType = "com.apple.product-type.application";
		};
/* End PBXNativeTarget section */

/* Begin PBXProject section */
		FBF7A7B81F4F5D90009C35A0 /* Project object */ = {
			isa = PBXProject;
			attributes = {
				LastSwiftUpdateCheck = 0830;
				LastUpgradeCheck = 0830;
				ORGANIZATIONNAME = MaxRamirez;
				TargetAttributes = {
					FBF7A7BF1F4F5D90009C35A0 = {
						CreatedOnToolsVersion = 8.3.3;
						DevelopmentTeam = KEAH2TY547;
						ProvisioningStyle = Automatic;
					};
				};
			};
			buildConfigurationList = FBF7A7BB1F4F5D90009C35A0 /* Build configuration list for PBXProject "QuizApp" */;
			compatibilityVersion = "Xcode 3.2";
			developmentRegion = English;
			hasScannedForEncodings = 0;
			knownRegions = (
				en,
				Base,
			);
			mainGroup = FBF7A7B71F4F5D90009C35A0;
			productRefGroup = FBF7A7C11F4F5D90009C35A0 /* Products */;
			projectDirPath = "";
			projectRoot = "";
			targets = (
				FBF7A7BF1F4F5D90009C35A0 /* QuizApp */,
			);
		};
/* End PBXProject section */

/* Begin PBXResourcesBuildPhase section */
		FBF7A7BE1F4F5D90009C35A0 /* Resources */ = {
			isa = PBXResourcesBuildPhase;
			buildActionMask = 2147483647;
			files = (
				FBF7A7D11F4F5D90009C35A0 /* LaunchScreen.storyboard in Resources */,
				FBF7A7CE1F4F5D90009C35A0 /* Assets.xcassets in Resources */,
				FBF7A7C91F4F5D90009C35A0 /* Main.storyboard in Resources */,
			);
			runOnlyForDeploymentPostprocessing = 0;
		};
/* End PBXResourcesBuildPhase section */

/* Begin PBXSourcesBuildPhase section */
		FBF7A7BC1F4F5D90009C35A0 /* Sources */ = {
			isa = PBXSourcesBuildPhase;
			buildActionMask = 2147483647;
			files = (
				FBF7A7C61F4F5D90009C35A0 /* ViewController.swift in Sources */,
				FBF7A7D91F4F643B009C35A0 /* Questions.swift in Sources */,
				FBF7A7CC1F4F5D90009C35A0 /* QuizApp.xcdatamodeld in Sources */,
				FBF7A7C41F4F5D90009C35A0 /* AppDelegate.swift in Sources */,
			);
			runOnlyForDeploymentPostprocessing = 0;
		};
/* End PBXSourcesBuildPhase section */

/* Begin PBXVariantGroup section */
		FBF7A7C71F4F5D90009C35A0 /* Main.storyboard */ = {
			isa = PBXVariantGroup;
			children = (
				FBF7A7C81F4F5D90009C35A0 /* Base */,
			);
			name = Main.storyboard;
			sourceTree = "<group>";
		};
		FBF7A7CF1F4F5D90009C35A0 /* LaunchScreen.storyboard */ = {
			isa = PBXVariantGroup;
			children = (
				FBF7A7D01F4F5D90009C35A0 /* Base */,
			);
			name = LaunchScreen.storyboard;
			sourceTree = "<group>";
		};
/* End PBXVariantGroup section */

/* Begin XCBuildConfiguration section */
		FBF7A7D31F4F5D90009C35A0 /* Debug */ = {
			isa = XCBuildConfiguration;
			buildSettings = {
				ALWAYS_SEARCH_USER_PATHS = NO;
				CLANG_ANALYZER_NONNULL = YES;
				CLANG_ANALYZER_NUMBER_OBJECT_CONVERSION = YES_AGGRESSIVE;
				CLANG_CXX_LANGUAGE_STANDARD = "gnu++0x";
				CLANG_CXX_LIBRARY = "libc++";
				CLANG_ENABLE_MODULES = YES;
				CLANG_ENABLE_OBJC_ARC = YES;
				CLANG_WARN_BOOL_CONVERSION = YES;
				CLANG_WARN_CONSTANT_CONVERSION = YES;
				CLANG_WARN_DIRECT_OBJC_ISA_USAGE = YES_ERROR;
				CLANG_WARN_DOCUMENTATION_COMMENTS = YES;
				CLANG_WARN_EMPTY_BODY = YES;
				CLANG_WARN_ENUM_CONVERSION = YES;
				CLANG_WARN_INFINITE_RECURSION = YES;
				CLANG_WARN_INT_CONVERSION = YES;
				CLANG_WARN_OBJC_ROOT_CLASS = YES_ERROR;
				CLANG_WARN_SUSPICIOUS_MOVE = YES;
				CLANG_WARN_UNREACHABLE_CODE = YES;
				CLANG_WARN__DUPLICATE_METHOD_MATCH = YES;
				"CODE_SIGN_IDENTITY[sdk=iphoneos*]" = "iPhone Developer";
				COPY_PHASE_STRIP = NO;
				DEBUG_INFORMATION_FORMAT = dwarf;
				ENABLE_STRICT_OBJC_MSGSEND = YES;
				ENABLE_TESTABILITY = YES;
				GCC_C_LANGUAGE_STANDARD = gnu99;
				GCC_DYNAMIC_NO_PIC = NO;
				GCC_NO_COMMON_BLOCKS = YES;
				GCC_OPTIMIZATION_LEVEL = 0;
				GCC_PREPROCESSOR_DEFINITIONS = (
					"DEBUG=1",
					"$(inherited)",
				);
				GCC_WARN_64_TO_32_BIT_CONVERSION = YES;
				GCC_WARN_ABOUT_RETURN_TYPE = YES_ERROR;
				GCC_WARN_UNDECLARED_SELECTOR = YES;
				GCC_WARN_UNINITIALIZED_AUTOS = YES_AGGRESSIVE;
				GCC_WARN_UNUSED_FUNCTION = YES;
				GCC_WARN_UNUSED_VARIABLE = YES;
				IPHONEOS_DEPLOYMENT_TARGET = 10.3;
				MTL_ENABLE_DEBUG_INFO = YES;
				ONLY_ACTIVE_ARCH = YES;
				SDKROOT = iphoneos;
				SWIFT_ACTIVE_COMPILATION_CONDITIONS = DEBUG;
				SWIFT_OPTIMIZATION_LEVEL = "-Onone";
			};
			name = Debug;
		};
		FBF7A7D41F4F5D90009C35A0 /* Release */ = {
			isa = XCBuildConfiguration;
			buildSettings = {
				ALWAYS_SEARCH_USER_PATHS = NO;
				CLANG_ANALYZER_NONNULL = YES;
				CLANG_ANALYZER_NUMBER_OBJECT_CONVERSION = YES_AGGRESSIVE;
				CLANG_CXX_LANGUAGE_STANDARD = "gnu++0x";
				CLANG_CXX_LIBRARY = "libc++";
				CLANG_ENABLE_MODULES = YES;
				CLANG_ENABLE_OBJC_ARC = YES;
				CLANG_WARN_BOOL_CONVERSION = YES;
				CLANG_WARN_CONSTANT_CONVERSION = YES;
				CLANG_WARN_DIRECT_OBJC_ISA_USAGE = YES_ERROR;
				CLANG_WARN_DOCUMENTATION_COMMENTS = YES;
				CLANG_WARN_EMPTY_BODY = YES;
				CLANG_WARN_ENUM_CONVERSION = YES;
				CLANG_WARN_INFINITE_RECURSION = YES;
				CLANG_WARN_INT_CONVERSION = YES;
				CLANG_WARN_OBJC_ROOT_CLASS = YES_ERROR;
				CLANG_WARN_SUSPICIOUS_MOVE = YES;
				CLANG_WARN_UNREACHABLE_CODE = YES;
				CLANG_WARN__DUPLICATE_METHOD_MATCH = YES;
				"CODE_SIGN_IDENTITY[sdk=iphoneos*]" = "iPhone Developer";
				COPY_PHASE_STRIP = NO;
				DEBUG_INFORMATION_FORMAT = "dwarf-with-dsym";
				ENABLE_NS_ASSERTIONS = NO;
				ENABLE_STRICT_OBJC_MSGSEND = YES;
				GCC_C_LANGUAGE_STANDARD = gnu99;
				GCC_NO_COMMON_BLOCKS = YES;
				GCC_WARN_64_TO_32_BIT_CONVERSION = YES;
				GCC_WARN_ABOUT_RETURN_TYPE = YES_ERROR;
				GCC_WARN_UNDECLARED_SELECTOR = YES;
				GCC_WARN_UNINITIALIZED_AUTOS = YES_AGGRESSIVE;
				GCC_WARN_UNUSED_FUNCTION = YES;
				GCC_WARN_UNUSED_VARIABLE = YES;
				IPHONEOS_DEPLOYMENT_TARGET = 10.3;
				MTL_ENABLE_DEBUG_INFO = NO;
				SDKROOT = iphoneos;
				SWIFT_OPTIMIZATION_LEVEL = "-Owholemodule";
				VALIDATE_PRODUCT = YES;
			};
			name = Release;
		};
		FBF7A7D61F4F5D90009C35A0 /* Debug */ = {
			isa = XCBuildConfiguration;
			buildSettings = {
				ASSETCATALOG_COMPILER_APPICON_NAME = AppIcon;
				DEVELOPMENT_TEAM = KEAH2TY547;
				INFOPLIST_FILE = QuizApp/Info.plist;
				LD_RUNPATH_SEARCH_PATHS = "$(inherited) @executable_path/Frameworks";
				PRODUCT_BUNDLE_IDENTIFIER = com.MaxRamirez.QuizApp;
				PRODUCT_NAME = "$(TARGET_NAME)";
				SWIFT_VERSION = 3.0;
			};
			name = Debug;
		};
		FBF7A7D71F4F5D90009C35A0 /* Release */ = {
			isa = XCBuildConfiguration;
			buildSettings = {
				ASSETCATALOG_COMPILER_APPICON_NAME = AppIcon;
				DEVELOPMENT_TEAM = KEAH2TY547;
				INFOPLIST_FILE = QuizApp/Info.plist;
				LD_RUNPATH_SEARCH_PATHS = "$(inherited) @executable_path/Frameworks";
				PRODUCT_BUNDLE_IDENTIFIER = com.MaxRamirez.QuizApp;
				PRODUCT_NAME = "$(TARGET_NAME)";
				SWIFT_VERSION = 3.0;
			};
			name = Release;
		};
/* End XCBuildConfiguration section */

/* Begin XCConfigurationList section */
		FBF7A7BB1F4F5D90009C35A0 /* Build configuration list for PBXProject "QuizApp" */ = {
			isa = XCConfigurationList;
			buildConfigurations = (
				FBF7A7D31F4F5D90009C35A0 /* Debug */,
				FBF7A7D41F4F5D90009C35A0 /* Release */,
			);
			defaultConfigurationIsVisible = 0;
			defaultConfigurationName = Release;
		};
		FBF7A7D51F4F5D90009C35A0 /* Build configuration list for PBXNativeTarget "QuizApp" */ = {
			isa = XCConfigurationList;
			buildConfigurations = (
				FBF7A7D61F4F5D90009C35A0 /* Debug */,
				FBF7A7D71F4F5D90009C35A0 /* Release */,
			);
			defaultConfigurationIsVisible = 0;
		};
/* End XCConfigurationList section */

/* Begin XCVersionGroup section */
		FBF7A7CA1F4F5D90009C35A0 /* QuizApp.xcdatamodeld */ = {
			isa = XCVersionGroup;
			children = (
				FBF7A7CB1F4F5D90009C35A0 /* QuizApp.xcdatamodel */,
			);
			currentVersion = FBF7A7CB1F4F5D90009C35A0 /* QuizApp.xcdatamodel */;
			path = QuizApp.xcdatamodeld;
			sourceTree = "<group>";
			versionGroupType = wrapper.xcdatamodel;
		};
/* End XCVersionGroup section */
	};
	rootObject = FBF7A7B81F4F5D90009C35A0 /* Project object */;
}
